<Solution>
  <Folder Name="/src/">
    <Project Path="src/PasswordManager.Application/PasswordManager.Application.csproj" />
    <Project Path="src/PasswordManager.Autofill.Windows/PasswordManager.Autofill.Windows.csproj" />
    <Project Path="src/PasswordManager.Desktop/PasswordManager.Desktop.csproj" />
    <Project Path="src/PasswordManager.Domain/PasswordManager.Domain.csproj" />
    <Project Path="src/PasswordManager.Infrastructure/PasswordManager.Infrastructure.csproj" />
    <Project Path="src/PasswordManager.Platform.Windows/PasswordManager.Platform.Windows.csproj" />
    <Project Path="src/PasswordManager.Security/PasswordManager.Security.csproj" />
  </Folder>
  <Folder Name="/tests/">
    <Project Path="tests/PasswordManager.Application.Tests/PasswordManager.Application.Tests.csproj" />
    <Project Path="tests/PasswordManager.Domain.Tests/PasswordManager.Domain.Tests.csproj" />
    <Project Path="tests/PasswordManager.EndToEnd.Tests/PasswordManager.EndToEnd.Tests.csproj" />
    <Project Path="tests/PasswordManager.Infrastructure.Tests/PasswordManager.Infrastructure.Tests.csproj" />
    <Project Path="tests/PasswordManager.Security.Tests/PasswordManager.Security.Tests.csproj" />
    <Project Path="tests/PasswordManager.Windows.Tests/PasswordManager.Windows.Tests.csproj" />
  </Folder>
</Solution>
